
Microsoft Visual Studio Solution File, Format Version 12.00
# Visual Studio Version 16
VisualStudioVersion = 16.0.31321.278
MinimumVisualStudioVersion = 10.0.40219.1
Project("{FAE04EC0-301F-11D3-BF4B-00C04F79EFBC}") = "BookingApp.UWP", "BookingApp.UWP\BookingApp.UWP.csproj", "{50628C43-356C-4A24-AF49-42E2490EEE3F}"
EndProject
Project("{FAE04EC0-301F-11D3-BF4B-00C04F79EFBC}") = "BookingApp.Android", "BookingApp.Android\BookingApp.Android.csproj", "{673DA4BC-DBEA-4F39-BFB5-C9289E2330CA}"
EndProject
Project("{FAE04EC0-301F-11D3-BF4B-00C04F79EFBC}") = "BookingApp.iOS", "BookingApp.iOS\BookingApp.iOS.csproj", "{7A6107BC-42B9-4987-93F2-66206AC1E6A5}"
EndProject
Project("{9A19103F-16F7-4668-BE54-9A1E7A4F7556}") = "BookingApp", "BookingApp\BookingApp.csproj", "{24C8EFB2-C9A8-45CC-881F-9D3048F20D3B}"
EndProject
Project("{FAE04EC0-301F-11D3-BF4B-00C04F79EFBC}") = "WebApiBooking", "WebApiBooking\WebApiBooking.csproj", "{BB764EDA-1B8D-40D1-9AE0-8558CD909915}"
EndProject
Global
	GlobalSection(SolutionConfigurationPlatforms) = preSolution
		Debug|Any CPU = Debug|Any CPU
		Debug|ARM = Debug|ARM
		Debug|iPhone = Debug|iPhone
		Debug|iPhoneSimulator = Debug|iPhoneSimulator
		Debug|x64 = Debug|x64
		Debug|x86 = Debug|x86
		Release|Any CPU = Release|Any CPU
		Release|ARM = Release|ARM
		Release|iPhone = Release|iPhone
		Release|iPhoneSimulator = Release|iPhoneSimulator
		Release|x64 = Release|x64
		Release|x86 = Release|x86
	EndGlobalSection
	GlobalSection(ProjectConfigurationPlatforms) = postSolution
		{50628C43-356C-4A24-AF49-42E2490EEE3F}.Debug|Any CPU.ActiveCfg = Debug|x86
		{50628C43-356C-4A24-AF49-42E2490EEE3F}.Debug|Any CPU.Build.0 = Debug|x86
		{50628C43-356C-4A24-AF49-42E2490EEE3F}.Debug|Any CPU.Deploy.0 = Debug|x86
		{50628C43-356C-4A24-AF49-42E2490EEE3F}.Debug|ARM.ActiveCfg = Debug|ARM
		{50628C43-356C-4A24-AF49-42E2490EEE3F}.Debug|ARM.Build.0 = Debug|ARM
		{50628C43-356C-4A24-AF49-42E2490EEE3F}.Debug|ARM.Deploy.0 = Debug|ARM
		{50628C43-356C-4A24-AF49-42E2490EEE3F}.Debug|iPhone.ActiveCfg = Debug|x86
		{50628C43-356C-4A24-AF49-42E2490EEE3F}.Debug|iPhone.Build.0 = Debug|x86
		{50628C43-356C-4A24-AF49-42E2490EEE3F}.Debug|iPhone.Deploy.0 = Debug|x86
		{50628C43-356C-4A24-AF49-42E2490EEE3F}.Debug|iPhoneSimulator.ActiveCfg = Debug|x86
		{50628C43-356C-4A24-AF49-42E2490EEE3F}.Debug|iPhoneSimulator.Build.0 = Debug|x86
		{50628C43-356C-4A24-AF49-42E2490EEE3F}.Debug|iPhoneSimulator.Deploy.0 = Debug|x86
		{50628C43-356C-4A24-AF49-42E2490EEE3F}.Debug|x64.ActiveCfg = Debug|x64
		{50628C43-356C-4A24-AF49-42E2490EEE3F}.Debug|x64.Build.0 = Debug|x64
		{50628C43-356C-4A24-AF49-42E2490EEE3F}.Debug|x64.Deploy.0 = Debug|x64
		{50628C43-356C-4A24-AF49-42E2490EEE3F}.Debug|x86.ActiveCfg = Debug|x86
		{50628C43-356C-4A24-AF49-42E2490EEE3F}.Debug|x86.Build.0 = Debug|x86
		{50628C43-356C-4A24-AF49-42E2490EEE3F}.Debug|x86.Deploy.0 = Debug|x86
		{50628C43-356C-4A24-AF49-42E2490EEE3F}.Release|Any CPU.ActiveCfg = Release|x86
		{50628C43-356C-4A24-AF49-42E2490EEE3F}.Release|Any CPU.Build.0 = Release|x86
		{50628C43-356C-4A24-AF49-42E2490EEE3F}.Release|Any CPU.Deploy.0 = Release|x86
		{50628C43-356C-4A24-AF49-42E2490EEE3F}.Release|ARM.ActiveCfg = Release|ARM
		{50628C43-356C-4A24-AF49-42E2490EEE3F}.Release|ARM.Build.0 = Release|ARM
		{50628C43-356C-4A24-AF49-42E2490EEE3F}.Release|ARM.Deploy.0 = Release|ARM
		{50628C43-356C-4A24-AF49-42E2490EEE3F}.Release|iPhone.ActiveCfg = Release|x86
		{50628C43-356C-4A24-AF49-42E2490EEE3F}.Release|iPhone.Build.0 = Release|x86
		{50628C43-356C-4A24-AF49-42E2490EEE3F}.Release|iPhone.Deploy.0 = Release|x86
		{50628C43-356C-4A24-AF49-42E2490EEE3F}.Release|iPhoneSimulator.ActiveCfg = Release|x86
		{50628C43-356C-4A24-AF49-42E2490EEE3F}.Release|iPhoneSimulator.Build.0 = Release|x86
		{50628C43-356C-4A24-AF49-42E2490EEE3F}.Release|iPhoneSimulator.Deploy.0 = Release|x86
		{50628C43-356C-4A24-AF49-42E2490EEE3F}.Release|x64.ActiveCfg = Release|x64
		{50628C43-356C-4A24-AF49-42E2490EEE3F}.Release|x64.Build.0 = Release|x64
		{50628C43-356C-4A24-AF49-42E2490EEE3F}.Release|x64.Deploy.0 = Release|x64
		{50628C43-356C-4A24-AF49-42E2490EEE3F}.Release|x86.ActiveCfg = Release|x86
		{50628C43-356C-4A24-AF49-42E2490EEE3F}.Release|x86.Build.0 = Release|x86
		{50628C43-356C-4A24-AF49-42E2490EEE3F}.Release|x86.Deploy.0 = Release|x86
		{673DA4BC-DBEA-4F39-BFB5-C9289E2330CA}.Debug|Any CPU.ActiveCfg = Debug|Any CPU
		{673DA4BC-DBEA-4F39-BFB5-C9289E2330CA}.Debug|Any CPU.Build.0 = Debug|Any CPU
		{673DA4BC-DBEA-4F39-BFB5-C9289E2330CA}.Debug|Any CPU.Deploy.0 = Debug|Any CPU
		{673DA4BC-DBEA-4F39-BFB5-C9289E2330CA}.Debug|ARM.ActiveCfg = Debug|Any CPU
		{673DA4BC-DBEA-4F39-BFB5-C9289E2330CA}.Debug|ARM.Build.0 = Debug|Any CPU
		{673DA4BC-DBEA-4F39-BFB5-C9289E2330CA}.Debug|ARM.Deploy.0 = Debug|Any CPU
		{673DA4BC-DBEA-4F39-BFB5-C9289E2330CA}.Debug|iPhone.ActiveCfg = Debug|Any CPU
		{673DA4BC-DBEA-4F39-BFB5-C9289E2330CA}.Debug|iPhone.Build.0 = Debug|Any CPU
		{673DA4BC-DBEA-4F39-BFB5-C9289E2330CA}.Debug|iPhone.Deploy.0 = Debug|Any CPU
		{673DA4BC-DBEA-4F39-BFB5-C9289E2330CA}.Debug|iPhoneSimulator.ActiveCfg = Debug|Any CPU
		{673DA4BC-DBEA-4F39-BFB5-C9289E2330CA}.Debug|iPhoneSimulator.Build.0 = Debug|Any CPU
		{673DA4BC-DBEA-4F39-BFB5-C9289E2330CA}.Debug|iPhoneSimulator.Deploy.0 = Debug|Any CPU
		{673DA4BC-DBEA-4F39-BFB5-C9289E2330CA}.Debug|x64.ActiveCfg = Debug|Any CPU
		{673DA4BC-DBEA-4F39-BFB5-C9289E2330CA}.Debug|x64.Build.0 = Debug|Any CPU
		{673DA4BC-DBEA-4F39-BFB5-C9289E2330CA}.Debug|x64.Deploy.0 = Debug|Any CPU
		{673DA4BC-DBEA-4F39-BFB5-C9289E2330CA}.Debug|x86.ActiveCfg = Debug|Any CPU
		{673DA4BC-DBEA-4F39-BFB5-C9289E2330CA}.Debug|x86.Build.0 = Debug|Any CPU
		{673DA4BC-DBEA-4F39-BFB5-C9289E2330CA}.Debug|x86.Deploy.0 = Debug|Any CPU
		{673DA4BC-DBEA-4F39-BFB5-C9289E2330CA}.Release|Any CPU.ActiveCfg = Release|Any CPU
		{673DA4BC-DBEA-4F39-BFB5-C9289E2330CA}.Release|Any CPU.Build.0 = Release|Any CPU
		{673DA4BC-DBEA-4F39-BFB5-C9289E2330CA}.Release|Any CPU.Deploy.0 = Release|Any CPU
		{673DA4BC-DBEA-4F39-BFB5-C9289E2330CA}.Release|ARM.ActiveCfg = Release|Any CPU
		{673DA4BC-DBEA-4F39-BFB5-C9289E2330CA}.Release|ARM.Build.0 = Release|Any CPU
		{673DA4BC-DBEA-4F39-BFB5-C9289E2330CA}.Release|ARM.Deploy.0 = Release|Any CPU
		{673DA4BC-DBEA-4F39-BFB5-C9289E2330CA}.Release|iPhone.ActiveCfg = Release|Any CPU
		{673DA4BC-DBEA-4F39-BFB5-C9289E2330CA}.Release|iPhone.Build.0 = Release|Any CPU
		{673DA4BC-DBEA-4F39-BFB5-C9289E2330CA}.Release|iPhone.Deploy.0 = Release|Any CPU
		{673DA4BC-DBEA-4F39-BFB5-C9289E2330CA}.Release|iPhoneSimulator.ActiveCfg = Release|Any CPU
		{673DA4BC-DBEA-4F39-BFB5-C9289E2330CA}.Release|iPhoneSimulator.Build.0 = Release|Any CPU
		{673DA4BC-DBEA-4F39-BFB5-C9289E2330CA}.Release|iPhoneSimulator.Deploy.0 = Release|Any CPU
		{673DA4BC-DBEA-4F39-BFB5-C9289E2330CA}.Release|x64.ActiveCfg = Release|Any CPU
		{673DA4BC-DBEA-4F39-BFB5-C9289E2330CA}.Release|x64.Build.0 = Release|Any CPU
		{673DA4BC-DBEA-4F39-BFB5-C9289E2330CA}.Release|x64.Deploy.0 = Release|Any CPU
		{673DA4BC-DBEA-4F39-BFB5-C9289E2330CA}.Release|x86.ActiveCfg = Release|Any CPU
		{673DA4BC-DBEA-4F39-BFB5-C9289E2330CA}.Release|x86.Build.0 = Release|Any CPU
		{673DA4BC-DBEA-4F39-BFB5-C9289E2330CA}.Release|x86.Deploy.0 = Release|Any CPU
		{7A6107BC-42B9-4987-93F2-66206AC1E6A5}.Debug|Any CPU.ActiveCfg = Debug|iPhoneSimulator
		{7A6107BC-42B9-4987-93F2-66206AC1E6A5}.Debug|Any CPU.Build.0 = Debug|iPhoneSimulator
		{7A6107BC-42B9-4987-93F2-66206AC1E6A5}.Debug|Any CPU.Deploy.0 = Debug|iPhoneSimulator
		{7A6107BC-42B9-4987-93F2-66206AC1E6A5}.Debug|ARM.ActiveCfg = Debug|iPhone
		{7A6107BC-42B9-4987-93F2-66206AC1E6A5}.Debug|ARM.Build.0 = Debug|iPhone
		{7A6107BC-42B9-4987-93F2-66206AC1E6A5}.Debug|ARM.Deploy.0 = Debug|iPhone
		{7A6107BC-42B9-4987-93F2-66206AC1E6A5}.Debug|iPhone.ActiveCfg = Debug|iPhone
		{7A6107BC-42B9-4987-93F2-66206AC1E6A5}.Debug|iPhone.Build.0 = Debug|iPhone
		{7A6107BC-42B9-4987-93F2-66206AC1E6A5}.Debug|iPhone.Deploy.0 = Debug|iPhone
		{7A6107BC-42B9-4987-93F2-66206AC1E6A5}.Debug|iPhoneSimulator.ActiveCfg = Debug|iPhoneSimulator
		{7A6107BC-42B9-4987-93F2-66206AC1E6A5}.Debug|iPhoneSimulator.Build.0 = Debug|iPhoneSimulator
		{7A6107BC-42B9-4987-93F2-66206AC1E6A5}.Debug|iPhoneSimulator.Deploy.0 = Debug|iPhoneSimulator
		{7A6107BC-42B9-4987-93F2-66206AC1E6A5}.Debug|x64.ActiveCfg = Debug|iPhoneSimulator
		{7A6107BC-42B9-4987-93F2-66206AC1E6A5}.Debug|x64.Build.0 = Debug|iPhoneSimulator
		{7A6107BC-42B9-4987-93F2-66206AC1E6A5}.Debug|x64.Deploy.0 = Debug|iPhoneSimulator
		{7A6107BC-42B9-4987-93F2-66206AC1E6A5}.Debug|x86.ActiveCfg = Debug|iPhoneSimulator
		{7A6107BC-42B9-4987-93F2-66206AC1E6A5}.Debug|x86.Build.0 = Debug|iPhoneSimulator
		{7A6107BC-42B9-4987-93F2-66206AC1E6A5}.Debug|x86.Deploy.0 = Debug|iPhoneSimulator
		{7A6107BC-42B9-4987-93F2-66206AC1E6A5}.Release|Any CPU.ActiveCfg = Release|iPhoneSimulator
		{7A6107BC-42B9-4987-93F2-66206AC1E6A5}.Release|Any CPU.Build.0 = Release|iPhoneSimulator
		{7A6107BC-42B9-4987-93F2-66206AC1E6A5}.Release|Any CPU.Deploy.0 = Release|iPhoneSimulator
		{7A6107BC-42B9-4987-93F2-66206AC1E6A5}.Release|ARM.ActiveCfg = Release|iPhoneSimulator
		{7A6107BC-42B9-4987-93F2-66206AC1E6A5}.Release|ARM.Build.0 = Release|iPhoneSimulator
		{7A6107BC-42B9-4987-93F2-66206AC1E6A5}.Release|ARM.Deploy.0 = Release|iPhoneSimulator
		{7A6107BC-42B9-4987-93F2-66206AC1E6A5}.Release|iPhone.ActiveCfg = Release|iPhone
		{7A6107BC-42B9-4987-93F2-66206AC1E6A5}.Release|iPhone.Build.0 = Release|iPhone
		{7A6107BC-42B9-4987-93F2-66206AC1E6A5}.Release|iPhone.Deploy.0 = Release|iPhone
		{7A6107BC-42B9-4987-93F2-66206AC1E6A5}.Release|iPhoneSimulator.ActiveCfg = Release|iPhoneSimulator
		{7A6107BC-42B9-4987-93F2-66206AC1E6A5}.Release|iPhoneSimulator.Build.0 = Release|iPhoneSimulator
		{7A6107BC-42B9-4987-93F2-66206AC1E6A5}.Release|iPhoneSimulator.Deploy.0 = Release|iPhoneSimulator
		{7A6107BC-42B9-4987-93F2-66206AC1E6A5}.Release|x64.ActiveCfg = Release|iPhoneSimulator
		{7A6107BC-42B9-4987-93F2-66206AC1E6A5}.Release|x64.Build.0 = Release|iPhoneSimulator
		{7A6107BC-42B9-4987-93F2-66206AC1E6A5}.Release|x64.Deploy.0 = Release|iPhoneSimulator
		{7A6107BC-42B9-4987-93F2-66206AC1E6A5}.Release|x86.ActiveCfg = Release|iPhoneSimulator
		{7A6107BC-42B9-4987-93F2-66206AC1E6A5}.Release|x86.Build.0 = Release|iPhoneSimulator
		{7A6107BC-42B9-4987-93F2-66206AC1E6A5}.Release|x86.Deploy.0 = Release|iPhoneSimulator
		{24C8EFB2-C9A8-45CC-881F-9D3048F20D3B}.Debug|Any CPU.ActiveCfg = Debug|Any CPU
		{24C8EFB2-C9A8-45CC-881F-9D3048F20D3B}.Debug|Any CPU.Build.0 = Debug|Any CPU
		{24C8EFB2-C9A8-45CC-881F-9D3048F20D3B}.Debug|Any CPU.Deploy.0 = Debug|Any CPU
		{24C8EFB2-C9A8-45CC-881F-9D3048F20D3B}.Debug|ARM.ActiveCfg = Debug|Any CPU
		{24C8EFB2-C9A8-45CC-881F-9D3048F20D3B}.Debug|ARM.Build.0 = Debug|Any CPU
		{24C8EFB2-C9A8-45CC-881F-9D3048F20D3B}.Debug|ARM.Deploy.0 = Debug|Any CPU
		{24C8EFB2-C9A8-45CC-881F-9D3048F20D3B}.Debug|iPhone.ActiveCfg = Debug|Any CPU
		{24C8EFB2-C9A8-45CC-881F-9D3048F20D3B}.Debug|iPhone.Build.0 = Debug|Any CPU
		{24C8EFB2-C9A8-45CC-881F-9D3048F20D3B}.Debug|iPhone.Deploy.0 = Debug|Any CPU
		{24C8EFB2-C9A8-45CC-881F-9D3048F20D3B}.Debug|iPhoneSimulator.ActiveCfg = Debug|Any CPU
		{24C8EFB2-C9A8-45CC-881F-9D3048F20D3B}.Debug|iPhoneSimulator.Build.0 = Debug|Any CPU
		{24C8EFB2-C9A8-45CC-881F-9D3048F20D3B}.Debug|iPhoneSimulator.Deploy.0 = Debug|Any CPU
		{24C8EFB2-C9A8-45CC-881F-9D3048F20D3B}.Debug|x64.ActiveCfg = Debug|Any CPU
		{24C8EFB2-C9A8-45CC-881F-9D3048F20D3B}.Debug|x64.Build.0 = Debug|Any CPU
		{24C8EFB2-C9A8-45CC-881F-9D3048F20D3B}.Debug|x64.Deploy.0 = Debug|Any CPU
		{24C8EFB2-C9A8-45CC-881F-9D3048F20D3B}.Debug|x86.ActiveCfg = Debug|Any CPU
		{24C8EFB2-C9A8-45CC-881F-9D3048F20D3B}.Debug|x86.Build.0 = Debug|Any CPU
		{24C8EFB2-C9A8-45CC-881F-9D3048F20D3B}.Debug|x86.Deploy.0 = Debug|Any CPU
		{24C8EFB2-C9A8-45CC-881F-9D3048F20D3B}.Release|Any CPU.ActiveCfg = Release|Any CPU
		{24C8EFB2-C9A8-45CC-881F-9D3048F20D3B}.Release|Any CPU.Build.0 = Release|Any CPU
		{24C8EFB2-C9A8-45CC-881F-9D3048F20D3B}.Release|Any CPU.Deploy.0 = Release|Any CPU
		{24C8EFB2-C9A8-45CC-881F-9D3048F20D3B}.Release|ARM.ActiveCfg = Release|Any CPU
		{24C8EFB2-C9A8-45CC-881F-9D3048F20D3B}.Release|ARM.Build.0 = Release|Any CPU
		{24C8EFB2-C9A8-45CC-881F-9D3048F20D3B}.Release|ARM.Deploy.0 = Release|Any CPU
		{24C8EFB2-C9A8-45CC-881F-9D3048F20D3B}.Release|iPhone.ActiveCfg = Release|Any CPU
		{24C8EFB2-C9A8-45CC-881F-9D3048F20D3B}.Release|iPhone.Build.0 = Release|Any CPU
		{24C8EFB2-C9A8-45CC-881F-9D3048F20D3B}.Release|iPhone.Deploy.0 = Release|Any CPU
		{24C8EFB2-C9A8-45CC-881F-9D3048F20D3B}.Release|iPhoneSimulator.ActiveCfg = Release|Any CPU
		{24C8EFB2-C9A8-45CC-881F-9D3048F20D3B}.Release|iPhoneSimulator.Build.0 = Release|Any CPU
		{24C8EFB2-C9A8-45CC-881F-9D3048F20D3B}.Release|iPhoneSimulator.Deploy.0 = Release|Any CPU
		{24C8EFB2-C9A8-45CC-881F-9D3048F20D3B}.Release|x64.ActiveCfg = Release|Any CPU
		{24C8EFB2-C9A8-45CC-881F-9D3048F20D3B}.Release|x64.Build.0 = Release|Any CPU
		{24C8EFB2-C9A8-45CC-881F-9D3048F20D3B}.Release|x64.Deploy.0 = Release|Any CPU
		{24C8EFB2-C9A8-45CC-881F-9D3048F20D3B}.Release|x86.ActiveCfg = Release|Any CPU
		{24C8EFB2-C9A8-45CC-881F-9D3048F20D3B}.Release|x86.Build.0 = Release|Any CPU
		{24C8EFB2-C9A8-45CC-881F-9D3048F20D3B}.Release|x86.Deploy.0 = Release|Any CPU
		{BB764EDA-1B8D-40D1-9AE0-8558CD909915}.Debug|Any CPU.ActiveCfg = Debug|Any CPU
		{BB764EDA-1B8D-40D1-9AE0-8558CD909915}.Debug|Any CPU.Build.0 = Debug|Any CPU
		{BB764EDA-1B8D-40D1-9AE0-8558CD909915}.Debug|ARM.ActiveCfg = Debug|Any CPU
		{BB764EDA-1B8D-40D1-9AE0-8558CD909915}.Debug|ARM.Build.0 = Debug|Any CPU
		{BB764EDA-1B8D-40D1-9AE0-8558CD909915}.Debug|iPhone.ActiveCfg = Debug|Any CPU
		{BB764EDA-1B8D-40D1-9AE0-8558CD909915}.Debug|iPhone.Build.0 = Debug|Any CPU
		{BB764EDA-1B8D-40D1-9AE0-8558CD909915}.Debug|iPhoneSimulator.ActiveCfg = Debug|Any CPU
		{BB764EDA-1B8D-40D1-9AE0-8558CD909915}.Debug|iPhoneSimulator.Build.0 = Debug|Any CPU
		{BB764EDA-1B8D-40D1-9AE0-8558CD909915}.Debug|x64.ActiveCfg = Debug|Any CPU
		{BB764EDA-1B8D-40D1-9AE0-8558CD909915}.Debug|x64.Build.0 = Debug|Any CPU
		{BB764EDA-1B8D-40D1-9AE0-8558CD909915}.Debug|x86.ActiveCfg = Debug|Any CPU
		{BB764EDA-1B8D-40D1-9AE0-8558CD909915}.Debug|x86.Build.0 = Debug|Any CPU
		{BB764EDA-1B8D-40D1-9AE0-8558CD909915}.Release|Any CPU.ActiveCfg = Release|Any CPU
		{BB764EDA-1B8D-40D1-9AE0-8558CD909915}.Release|Any CPU.Build.0 = Release|Any CPU
		{BB764EDA-1B8D-40D1-9AE0-8558CD909915}.Release|ARM.ActiveCfg = Release|Any CPU
		{BB764EDA-1B8D-40D1-9AE0-8558CD909915}.Release|ARM.Build.0 = Release|Any CPU
		{BB764EDA-1B8D-40D1-9AE0-8558CD909915}.Release|iPhone.ActiveCfg = Release|Any CPU
		{BB764EDA-1B8D-40D1-9AE0-8558CD909915}.Release|iPhone.Build.0 = Release|Any CPU
		{BB764EDA-1B8D-40D1-9AE0-8558CD909915}.Release|iPhoneSimulator.ActiveCfg = Release|Any CPU
		{BB764EDA-1B8D-40D1-9AE0-8558CD909915}.Release|iPhoneSimulator.Build.0 = Release|Any CPU
		{BB764EDA-1B8D-40D1-9AE0-8558CD909915}.Release|x64.ActiveCfg = Release|Any CPU
		{BB764EDA-1B8D-40D1-9AE0-8558CD909915}.Release|x64.Build.0 = Release|Any CPU
		{BB764EDA-1B8D-40D1-9AE0-8558CD909915}.Release|x86.ActiveCfg = Release|Any CPU
		{BB764EDA-1B8D-40D1-9AE0-8558CD909915}.Release|x86.Build.0 = Release|Any CPU
	EndGlobalSection
	GlobalSection(SolutionProperties) = preSolution
		HideSolutionNode = FALSE
	EndGlobalSection
	GlobalSection(ExtensibilityGlobals) = postSolution
		SolutionGuid = {E21F40F1-0D9E-4920-AF46-90856E0ABD55}
	EndGlobalSection
EndGlobal
